
Microsoft Visual Studio Solution File, Format Version 12.00
# Visual Studio Version 17
VisualStudioVersion = 17.3.32901.215
MinimumVisualStudioVersion = 10.0.40219.1
Project("{2150E333-8FDC-42A3-9474-1A3956D46DE8}") = "Catalog", "Catalog", "{7C843344-185B-4F48-ACE5-690A6E294B97}"
EndProject
Project("{9A19103F-16F7-4668-BE54-9A1E7A4F7556}") = "DAL.Tests", "DAL.Tests\DAL.Tests.csproj", "{205A98CC-DD2A-4BB8-A681-5382AB57361D}"
EndProject
Project("{FAE04EC0-301F-11D3-BF4B-00C04F79EFBC}") = "DAL", "DAL\DAL.csproj", "{62DB7B1D-ACC6-4AC4-8C3B-5C3E585D2743}"
EndProject
Project("{FAE04EC0-301F-11D3-BF4B-00C04F79EFBC}") = "BLL", "BLL\BLL.csproj", "{9A465F63-4E2F-4ABE-A888-989438064B38}"
EndProject
Project("{FAE04EC0-301F-11D3-BF4B-00C04F79EFBC}") = "CCL", "CCL\CCL.csproj", "{0FAF7C8E-6104-4102-ABEB-A68572C3C742}"
EndProject
Project("{FAE04EC0-301F-11D3-BF4B-00C04F79EFBC}") = "BLL.Tests", "BLL.Tests\BLL.Tests.csproj", "{742A94CD-08A4-4C37-A1D8-9360D893A5F7}"
EndProject
Global
	GlobalSection(SolutionConfigurationPlatforms) = preSolution
		Debug|Any CPU = Debug|Any CPU
		Release|Any CPU = Release|Any CPU
	EndGlobalSection
	GlobalSection(ProjectConfigurationPlatforms) = postSolution
		{205A98CC-DD2A-4BB8-A681-5382AB57361D}.Debug|Any CPU.ActiveCfg = Debug|Any CPU
		{205A98CC-DD2A-4BB8-A681-5382AB57361D}.Debug|Any CPU.Build.0 = Debug|Any CPU
		{205A98CC-DD2A-4BB8-A681-5382AB57361D}.Release|Any CPU.ActiveCfg = Release|Any CPU
		{205A98CC-DD2A-4BB8-A681-5382AB57361D}.Release|Any CPU.Build.0 = Release|Any CPU
		{62DB7B1D-ACC6-4AC4-8C3B-5C3E585D2743}.Debug|Any CPU.ActiveCfg = Debug|Any CPU
		{62DB7B1D-ACC6-4AC4-8C3B-5C3E585D2743}.Debug|Any CPU.Build.0 = Debug|Any CPU
		{62DB7B1D-ACC6-4AC4-8C3B-5C3E585D2743}.Release|Any CPU.ActiveCfg = Release|Any CPU
		{62DB7B1D-ACC6-4AC4-8C3B-5C3E585D2743}.Release|Any CPU.Build.0 = Release|Any CPU
		{9A465F63-4E2F-4ABE-A888-989438064B38}.Debug|Any CPU.ActiveCfg = Debug|Any CPU
		{9A465F63-4E2F-4ABE-A888-989438064B38}.Debug|Any CPU.Build.0 = Debug|Any CPU
		{9A465F63-4E2F-4ABE-A888-989438064B38}.Release|Any CPU.ActiveCfg = Release|Any CPU
		{9A465F63-4E2F-4ABE-A888-989438064B38}.Release|Any CPU.Build.0 = Release|Any CPU
		{0FAF7C8E-6104-4102-ABEB-A68572C3C742}.Debug|Any CPU.ActiveCfg = Debug|Any CPU
		{0FAF7C8E-6104-4102-ABEB-A68572C3C742}.Debug|Any CPU.Build.0 = Debug|Any CPU
		{0FAF7C8E-6104-4102-ABEB-A68572C3C742}.Release|Any CPU.ActiveCfg = Release|Any CPU
		{0FAF7C8E-6104-4102-ABEB-A68572C3C742}.Release|Any CPU.Build.0 = Release|Any CPU
		{742A94CD-08A4-4C37-A1D8-9360D893A5F7}.Debug|Any CPU.ActiveCfg = Debug|Any CPU
		{742A94CD-08A4-4C37-A1D8-9360D893A5F7}.Debug|Any CPU.Build.0 = Debug|Any CPU
		{742A94CD-08A4-4C37-A1D8-9360D893A5F7}.Release|Any CPU.ActiveCfg = Release|Any CPU
		{742A94CD-08A4-4C37-A1D8-9360D893A5F7}.Release|Any CPU.Build.0 = Release|Any CPU
	EndGlobalSection
	GlobalSection(SolutionProperties) = preSolution
		HideSolutionNode = FALSE
	EndGlobalSection
	GlobalSection(NestedProjects) = preSolution
		{205A98CC-DD2A-4BB8-A681-5382AB57361D} = {7C843344-185B-4F48-ACE5-690A6E294B97}
		{62DB7B1D-ACC6-4AC4-8C3B-5C3E585D2743} = {7C843344-185B-4F48-ACE5-690A6E294B97}
		{9A465F63-4E2F-4ABE-A888-989438064B38} = {7C843344-185B-4F48-ACE5-690A6E294B97}
		{0FAF7C8E-6104-4102-ABEB-A68572C3C742} = {7C843344-185B-4F48-ACE5-690A6E294B97}
		{742A94CD-08A4-4C37-A1D8-9360D893A5F7} = {7C843344-185B-4F48-ACE5-690A6E294B97}
	EndGlobalSection
	GlobalSection(ExtensibilityGlobals) = postSolution
		SolutionGuid = {B7023BD0-203A-487B-925B-40C39AB90773}
	EndGlobalSection
EndGlobal
