
Microsoft Visual Studio Solution File, Format Version 12.00
# Visual Studio Version 17
VisualStudioVersion = 17.3.32901.215
MinimumVisualStudioVersion = 10.0.40219.1
Project("{2150E333-8FDC-42A3-9474-1A3956D46DE8}") = "Catalog", "Catalog", "{7C843344-185B-4F48-ACE5-690A6E294B97}"
EndProject
Project("{9A19103F-16F7-4668-BE54-9A1E7A4F7556}") = "DAL", "ClassLibrary1\DAL.csproj", "{2F211A57-6394-4D6A-B930-84DED12E4020}"
EndProject
Project("{FAE04EC0-301F-11D3-BF4B-00C04F79EFBC}") = "DAL.Tests", "DAL.Tests\DAL.Tests.csproj", "{205A98CC-DD2A-4BB8-A681-5382AB57361D}"
EndProject
Global
	GlobalSection(SolutionConfigurationPlatforms) = preSolution
		Debug|Any CPU = Debug|Any CPU
		Release|Any CPU = Release|Any CPU
	EndGlobalSection
	GlobalSection(ProjectConfigurationPlatforms) = postSolution
		{2F211A57-6394-4D6A-B930-84DED12E4020}.Debug|Any CPU.ActiveCfg = Debug|Any CPU
		{2F211A57-6394-4D6A-B930-84DED12E4020}.Debug|Any CPU.Build.0 = Debug|Any CPU
		{2F211A57-6394-4D6A-B930-84DED12E4020}.Release|Any CPU.ActiveCfg = Release|Any CPU
		{2F211A57-6394-4D6A-B930-84DED12E4020}.Release|Any CPU.Build.0 = Release|Any CPU
		{205A98CC-DD2A-4BB8-A681-5382AB57361D}.Debug|Any CPU.ActiveCfg = Debug|Any CPU
		{205A98CC-DD2A-4BB8-A681-5382AB57361D}.Debug|Any CPU.Build.0 = Debug|Any CPU
		{205A98CC-DD2A-4BB8-A681-5382AB57361D}.Release|Any CPU.ActiveCfg = Release|Any CPU
		{205A98CC-DD2A-4BB8-A681-5382AB57361D}.Release|Any CPU.Build.0 = Release|Any CPU
	EndGlobalSection
	GlobalSection(SolutionProperties) = preSolution
		HideSolutionNode = FALSE
	EndGlobalSection
	GlobalSection(NestedProjects) = preSolution
		{2F211A57-6394-4D6A-B930-84DED12E4020} = {7C843344-185B-4F48-ACE5-690A6E294B97}
		{205A98CC-DD2A-4BB8-A681-5382AB57361D} = {7C843344-185B-4F48-ACE5-690A6E294B97}
	EndGlobalSection
	GlobalSection(ExtensibilityGlobals) = postSolution
		SolutionGuid = {B7023BD0-203A-487B-925B-40C39AB90773}
	EndGlobalSection
EndGlobal
