
Microsoft Visual Studio Solution File, Format Version 12.00
# Visual Studio Version 17
VisualStudioVersion = 17.3.32901.215
MinimumVisualStudioVersion = 10.0.40219.1
Project("{FAE04EC0-301F-11D3-BF4B-00C04F79EFBC}") = "Kursach", "Kursach\Kursach.csproj", "{82EC24F2-7A4F-4A16-A7CC-9464E488F40A}"
EndProject
Global
	GlobalSection(SolutionConfigurationPlatforms) = preSolution
		Debug|Any CPU = Debug|Any CPU
		Release|Any CPU = Release|Any CPU
	EndGlobalSection
	GlobalSection(ProjectConfigurationPlatforms) = postSolution
		{82EC24F2-7A4F-4A16-A7CC-9464E488F40A}.Debug|Any CPU.ActiveCfg = Debug|Any CPU
		{82EC24F2-7A4F-4A16-A7CC-9464E488F40A}.Debug|Any CPU.Build.0 = Debug|Any CPU
		{82EC24F2-7A4F-4A16-A7CC-9464E488F40A}.Release|Any CPU.ActiveCfg = Release|Any CPU
		{82EC24F2-7A4F-4A16-A7CC-9464E488F40A}.Release|Any CPU.Build.0 = Release|Any CPU
	EndGlobalSection
	GlobalSection(SolutionProperties) = preSolution
		HideSolutionNode = FALSE
	EndGlobalSection
	GlobalSection(ExtensibilityGlobals) = postSolution
		SolutionGuid = {B39ECCB5-B57B-4236-B873-8C159A59F5B7}
	EndGlobalSection
EndGlobal
